
Microsoft Visual Studio Solution File, Format Version 12.00
# Visual Studio Version 16
VisualStudioVersion = 16.0.30204.135
MinimumVisualStudioVersion = 10.0.40219.1
Project("{9A19103F-16F7-4668-BE54-9A1E7A4F7556}") = "Calendarific.NetClient", "Calendarific.NetClient\Calendarific.NetClient.csproj", "{9235E048-AC55-4E76-898F-D9534F5698F2}"
EndProject
Project("{9A19103F-16F7-4668-BE54-9A1E7A4F7556}") = "Calendarific.NetClient.UnitTests", "Calendarific.NetClient.UnitTests\Calendarific.NetClient.UnitTests.csproj", "{791302E8-E7D1-41AF-83C8-01A8C1A9E9BF}"
EndProject
Global
	GlobalSection(SolutionConfigurationPlatforms) = preSolution
		Debug|Any CPU = Debug|Any CPU
		Release|Any CPU = Release|Any CPU
	EndGlobalSection
	GlobalSection(ProjectConfigurationPlatforms) = postSolution
		{9235E048-AC55-4E76-898F-D9534F5698F2}.Debug|Any CPU.ActiveCfg = Debug|Any CPU
		{9235E048-AC55-4E76-898F-D9534F5698F2}.Debug|Any CPU.Build.0 = Debug|Any CPU
		{9235E048-AC55-4E76-898F-D9534F5698F2}.Release|Any CPU.ActiveCfg = Release|Any CPU
		{9235E048-AC55-4E76-898F-D9534F5698F2}.Release|Any CPU.Build.0 = Release|Any CPU
		{791302E8-E7D1-41AF-83C8-01A8C1A9E9BF}.Debug|Any CPU.ActiveCfg = Debug|Any CPU
		{791302E8-E7D1-41AF-83C8-01A8C1A9E9BF}.Debug|Any CPU.Build.0 = Debug|Any CPU
		{791302E8-E7D1-41AF-83C8-01A8C1A9E9BF}.Release|Any CPU.ActiveCfg = Release|Any CPU
		{791302E8-E7D1-41AF-83C8-01A8C1A9E9BF}.Release|Any CPU.Build.0 = Release|Any CPU
	EndGlobalSection
	GlobalSection(SolutionProperties) = preSolution
		HideSolutionNode = FALSE
	EndGlobalSection
	GlobalSection(ExtensibilityGlobals) = postSolution
		SolutionGuid = {072AFDF4-D321-40B4-9077-A0AD909CDDBA}
	EndGlobalSection
EndGlobal
